
Microsoft Visual Studio Solution File, Format Version 12.00
# Visual Studio 2012
Project("{FAE04EC0-301F-11D3-BF4B-00C04F79EFBC}") = "01.KaspichanNumStr", "01.KaspichanNum\01.KaspichanNumStr.csproj", "{98DC9375-298F-4C34-A407-10B74304570D}"
EndProject
Project("{FAE04EC0-301F-11D3-BF4B-00C04F79EFBC}") = "01.DurankulakNumStr", "01.DurankulakNum-Str\01.DurankulakNumStr.csproj", "{0DD622ED-E1DE-4604-9ADF-E23C98B662EB}"
EndProject
Project("{FAE04EC0-301F-11D3-BF4B-00C04F79EFBC}") = "01.KaspichanStrNum", "01.KaspichanStrNum\01.KaspichanStrNum.csproj", "{4E037D9B-306D-4B57-92B3-3EEE86FC9111}"
EndProject
Project("{FAE04EC0-301F-11D3-BF4B-00C04F79EFBC}") = "01.DurankulakStrNum", "01.DurankulakStrNum\01.DurankulakStrNum.csproj", "{1ADC6320-F1EB-4E94-8273-92CE1CDF304A}"
EndProject
Project("{FAE04EC0-301F-11D3-BF4B-00C04F79EFBC}") = "01.9GagStrNum", "01.9GagStrNum\01.9GagStrNum.csproj", "{1D97EA42-25A1-48BC-AC42-E497A57D42BA}"
EndProject
Project("{FAE04EC0-301F-11D3-BF4B-00C04F79EFBC}") = "01.9GagNumStr", "01.9GagNumStr\01.9GagNumStr.csproj", "{92699715-DB06-498D-8B74-F33F0029E575}"
EndProject
Project("{FAE04EC0-301F-11D3-BF4B-00C04F79EFBC}") = "04.GenomeDecoder", "04.GenomeDecoder\04.GenomeDecoder.csproj", "{0CBECF7F-A6C0-4221-BBAE-77E74C04F9CE}"
EndProject
Project("{FAE04EC0-301F-11D3-BF4B-00C04F79EFBC}") = "04.Justification", "04.Justification\04.Justification.csproj", "{C5787724-838D-4E73-AF04-41AEC04785A4}"
EndProject
Project("{FAE04EC0-301F-11D3-BF4B-00C04F79EFBC}") = "04.CSharpBrackets", "04.CSharpBrackets\04.CSharpBrackets.csproj", "{B55259FF-572D-4E92-A67E-C6AE63279ADC}"
EndProject
Project("{FAE04EC0-301F-11D3-BF4B-00C04F79EFBC}") = "04.FTML", "04.FTML\04.FTML.csproj", "{97BABD02-D1CA-4AB5-A29F-A1E158DA1B6F}"
EndProject
Project("{FAE04EC0-301F-11D3-BF4B-00C04F79EFBC}") = "04.CleanCode", "04.CleanCode\04.CleanCode.csproj", "{E9FCF01E-AB73-4C3A-8278-2EF13AC3E641}"
EndProject
Project("{FAE04EC0-301F-11D3-BF4B-00C04F79EFBC}") = "04.BasicLanguage", "04.BasicLanguage\04.BasicLanguage.csproj", "{CA735F85-C0DE-4054-BC03-6AED3583933B}"
EndProject
Project("{FAE04EC0-301F-11D3-BF4B-00C04F79EFBC}") = "04.PHPVariables", "04.PHPVariables\04.PHPVariables.csproj", "{770450BB-17EC-4534-92D9-02959B4A1220}"
EndProject
Project("{FAE04EC0-301F-11D3-BF4B-00C04F79EFBC}") = "02.GreedyDwarf", "02.GreedyDwarf\02.GreedyDwarf.csproj", "{F836C50C-7FBB-48F8-9402-8439626BC1AF}"
EndProject
Project("{FAE04EC0-301F-11D3-BF4B-00C04F79EFBC}") = "02.JoroTheRabbit", "02.JoroTheRabbit\02.JoroTheRabbit.csproj", "{48C91551-95A9-4310-8278-E0BB29527914}"
EndProject
Project("{FAE04EC0-301F-11D3-BF4B-00C04F79EFBC}") = "02.SpecialNumber", "02.SpecialNumber\02.SpecialNumber.csproj", "{3E7E2E4B-0502-423D-8935-8CE16DE369F2}"
EndProject
Project("{FAE04EC0-301F-11D3-BF4B-00C04F79EFBC}") = "02.AirplaneDrinks", "02.AirplaneDrinks\02.AirplaneDrinks.csproj", "{9157D6CE-185D-4C63-80D1-6A1EF93FD019}"
EndProject
Project("{FAE04EC0-301F-11D3-BF4B-00C04F79EFBC}") = "02.Tubes", "02.Tubes\02.Tubes.csproj", "{AEA8F5F5-6433-4913-811F-17239788C173}"
EndProject
Project("{FAE04EC0-301F-11D3-BF4B-00C04F79EFBC}") = "02.Employees", "02.Employees\02.Employees.csproj", "{C4CF2254-68CD-4EF1-B8EC-22FAAC46EA4A}"
EndProject
Project("{FAE04EC0-301F-11D3-BF4B-00C04F79EFBC}") = "02.Indices", "02.Indices\02.Indices.csproj", "{F5F7CDCA-D20C-48C7-B9F6-D76F251DF35E}"
EndProject
Project("{FAE04EC0-301F-11D3-BF4B-00C04F79EFBC}") = "04.MessagesInBottle", "04.MessagesInBottle\04.MessagesInBottle.csproj", "{FDC53F90-DFBB-4218-8780-A7B8F1BF3AC5}"
EndProject
Project("{FAE04EC0-301F-11D3-BF4B-00C04F79EFBC}") = "03.KukataIsDancing", "03.KukataIsDancing\03.KukataIsDancing.csproj", "{14FAC87B-6E68-484F-8A4D-D0F60252D549}"
EndProject
Project("{FAE04EC0-301F-11D3-BF4B-00C04F79EFBC}") = "03.Laser", "03.Laser\03.Laser.csproj", "{E628B0F6-D0B4-461C-AC9F-0822111D85FD}"
EndProject
Project("{FAE04EC0-301F-11D3-BF4B-00C04F79EFBC}") = "03.3DStars", "03.3DStars\03.3DStars.csproj", "{A60B468C-BB91-4B9C-925B-1121E6FFE687}"
EndProject
Project("{FAE04EC0-301F-11D3-BF4B-00C04F79EFBC}") = "03.3DSlides", "03.3DSlides\03.3DSlides.csproj", "{121C5A80-16DC-4A65-BCE9-7CEA0AB4295C}"
EndProject
Project("{FAE04EC0-301F-11D3-BF4B-00C04F79EFBC}") = "03.3DSlices", "03.3DSlices\03.3DSlices.csproj", "{9C1BC6B2-220A-442A-B768-D737D3059616}"
EndProject
Project("{FAE04EC0-301F-11D3-BF4B-00C04F79EFBC}") = "05.OneTaskIsNotEnough", "05.OneTaskIsNotEnough\05.OneTaskIsNotEnough.csproj", "{068777BF-14A0-48FE-8566-1E53202A565C}"
EndProject
Project("{FAE04EC0-301F-11D3-BF4B-00C04F79EFBC}") = "05.TwoIsBetterThanOne", "05.TwoIsBetterThanOne\05.TwoIsBetterThanOne.csproj", "{E5826158-202F-490A-B8F4-1CC8DEC13842}"
EndProject
Project("{FAE04EC0-301F-11D3-BF4B-00C04F79EFBC}") = "05.ThreeInOne", "05.ThreeInOne\05.ThreeInOne.csproj", "{CCF4E9FB-EA64-47A5-88C4-A050475D1545}"
EndProject
Project("{FAE04EC0-301F-11D3-BF4B-00C04F79EFBC}") = "02.7SegmentDigits", "02.7SegmentDigits\02.7SegmentDigits.csproj", "{6276B81B-C3C5-4BD4-9100-A9AFCCF484D5}"
EndProject
Global
	GlobalSection(SolutionConfigurationPlatforms) = preSolution
		Debug|Any CPU = Debug|Any CPU
		Release|Any CPU = Release|Any CPU
	EndGlobalSection
	GlobalSection(ProjectConfigurationPlatforms) = postSolution
		{98DC9375-298F-4C34-A407-10B74304570D}.Debug|Any CPU.ActiveCfg = Debug|Any CPU
		{98DC9375-298F-4C34-A407-10B74304570D}.Debug|Any CPU.Build.0 = Debug|Any CPU
		{98DC9375-298F-4C34-A407-10B74304570D}.Release|Any CPU.ActiveCfg = Release|Any CPU
		{98DC9375-298F-4C34-A407-10B74304570D}.Release|Any CPU.Build.0 = Release|Any CPU
		{0DD622ED-E1DE-4604-9ADF-E23C98B662EB}.Debug|Any CPU.ActiveCfg = Debug|Any CPU
		{0DD622ED-E1DE-4604-9ADF-E23C98B662EB}.Debug|Any CPU.Build.0 = Debug|Any CPU
		{0DD622ED-E1DE-4604-9ADF-E23C98B662EB}.Release|Any CPU.ActiveCfg = Release|Any CPU
		{0DD622ED-E1DE-4604-9ADF-E23C98B662EB}.Release|Any CPU.Build.0 = Release|Any CPU
		{4E037D9B-306D-4B57-92B3-3EEE86FC9111}.Debug|Any CPU.ActiveCfg = Debug|Any CPU
		{4E037D9B-306D-4B57-92B3-3EEE86FC9111}.Debug|Any CPU.Build.0 = Debug|Any CPU
		{4E037D9B-306D-4B57-92B3-3EEE86FC9111}.Release|Any CPU.ActiveCfg = Release|Any CPU
		{4E037D9B-306D-4B57-92B3-3EEE86FC9111}.Release|Any CPU.Build.0 = Release|Any CPU
		{1ADC6320-F1EB-4E94-8273-92CE1CDF304A}.Debug|Any CPU.ActiveCfg = Debug|Any CPU
		{1ADC6320-F1EB-4E94-8273-92CE1CDF304A}.Debug|Any CPU.Build.0 = Debug|Any CPU
		{1ADC6320-F1EB-4E94-8273-92CE1CDF304A}.Release|Any CPU.ActiveCfg = Release|Any CPU
		{1ADC6320-F1EB-4E94-8273-92CE1CDF304A}.Release|Any CPU.Build.0 = Release|Any CPU
		{1D97EA42-25A1-48BC-AC42-E497A57D42BA}.Debug|Any CPU.ActiveCfg = Debug|Any CPU
		{1D97EA42-25A1-48BC-AC42-E497A57D42BA}.Debug|Any CPU.Build.0 = Debug|Any CPU
		{1D97EA42-25A1-48BC-AC42-E497A57D42BA}.Release|Any CPU.ActiveCfg = Release|Any CPU
		{1D97EA42-25A1-48BC-AC42-E497A57D42BA}.Release|Any CPU.Build.0 = Release|Any CPU
		{92699715-DB06-498D-8B74-F33F0029E575}.Debug|Any CPU.ActiveCfg = Debug|Any CPU
		{92699715-DB06-498D-8B74-F33F0029E575}.Debug|Any CPU.Build.0 = Debug|Any CPU
		{92699715-DB06-498D-8B74-F33F0029E575}.Release|Any CPU.ActiveCfg = Release|Any CPU
		{92699715-DB06-498D-8B74-F33F0029E575}.Release|Any CPU.Build.0 = Release|Any CPU
		{0CBECF7F-A6C0-4221-BBAE-77E74C04F9CE}.Debug|Any CPU.ActiveCfg = Debug|Any CPU
		{0CBECF7F-A6C0-4221-BBAE-77E74C04F9CE}.Debug|Any CPU.Build.0 = Debug|Any CPU
		{0CBECF7F-A6C0-4221-BBAE-77E74C04F9CE}.Release|Any CPU.ActiveCfg = Release|Any CPU
		{0CBECF7F-A6C0-4221-BBAE-77E74C04F9CE}.Release|Any CPU.Build.0 = Release|Any CPU
		{C5787724-838D-4E73-AF04-41AEC04785A4}.Debug|Any CPU.ActiveCfg = Debug|Any CPU
		{C5787724-838D-4E73-AF04-41AEC04785A4}.Debug|Any CPU.Build.0 = Debug|Any CPU
		{C5787724-838D-4E73-AF04-41AEC04785A4}.Release|Any CPU.ActiveCfg = Release|Any CPU
		{C5787724-838D-4E73-AF04-41AEC04785A4}.Release|Any CPU.Build.0 = Release|Any CPU
		{B55259FF-572D-4E92-A67E-C6AE63279ADC}.Debug|Any CPU.ActiveCfg = Debug|Any CPU
		{B55259FF-572D-4E92-A67E-C6AE63279ADC}.Debug|Any CPU.Build.0 = Debug|Any CPU
		{B55259FF-572D-4E92-A67E-C6AE63279ADC}.Release|Any CPU.ActiveCfg = Release|Any CPU
		{B55259FF-572D-4E92-A67E-C6AE63279ADC}.Release|Any CPU.Build.0 = Release|Any CPU
		{97BABD02-D1CA-4AB5-A29F-A1E158DA1B6F}.Debug|Any CPU.ActiveCfg = Debug|Any CPU
		{97BABD02-D1CA-4AB5-A29F-A1E158DA1B6F}.Debug|Any CPU.Build.0 = Debug|Any CPU
		{97BABD02-D1CA-4AB5-A29F-A1E158DA1B6F}.Release|Any CPU.ActiveCfg = Release|Any CPU
		{97BABD02-D1CA-4AB5-A29F-A1E158DA1B6F}.Release|Any CPU.Build.0 = Release|Any CPU
		{E9FCF01E-AB73-4C3A-8278-2EF13AC3E641}.Debug|Any CPU.ActiveCfg = Debug|Any CPU
		{E9FCF01E-AB73-4C3A-8278-2EF13AC3E641}.Debug|Any CPU.Build.0 = Debug|Any CPU
		{E9FCF01E-AB73-4C3A-8278-2EF13AC3E641}.Release|Any CPU.ActiveCfg = Release|Any CPU
		{E9FCF01E-AB73-4C3A-8278-2EF13AC3E641}.Release|Any CPU.Build.0 = Release|Any CPU
		{CA735F85-C0DE-4054-BC03-6AED3583933B}.Debug|Any CPU.ActiveCfg = Debug|Any CPU
		{CA735F85-C0DE-4054-BC03-6AED3583933B}.Debug|Any CPU.Build.0 = Debug|Any CPU
		{CA735F85-C0DE-4054-BC03-6AED3583933B}.Release|Any CPU.ActiveCfg = Release|Any CPU
		{CA735F85-C0DE-4054-BC03-6AED3583933B}.Release|Any CPU.Build.0 = Release|Any CPU
		{770450BB-17EC-4534-92D9-02959B4A1220}.Debug|Any CPU.ActiveCfg = Debug|Any CPU
		{770450BB-17EC-4534-92D9-02959B4A1220}.Debug|Any CPU.Build.0 = Debug|Any CPU
		{770450BB-17EC-4534-92D9-02959B4A1220}.Release|Any CPU.ActiveCfg = Release|Any CPU
		{770450BB-17EC-4534-92D9-02959B4A1220}.Release|Any CPU.Build.0 = Release|Any CPU
		{F836C50C-7FBB-48F8-9402-8439626BC1AF}.Debug|Any CPU.ActiveCfg = Debug|Any CPU
		{F836C50C-7FBB-48F8-9402-8439626BC1AF}.Debug|Any CPU.Build.0 = Debug|Any CPU
		{F836C50C-7FBB-48F8-9402-8439626BC1AF}.Release|Any CPU.ActiveCfg = Release|Any CPU
		{F836C50C-7FBB-48F8-9402-8439626BC1AF}.Release|Any CPU.Build.0 = Release|Any CPU
		{48C91551-95A9-4310-8278-E0BB29527914}.Debug|Any CPU.ActiveCfg = Debug|Any CPU
		{48C91551-95A9-4310-8278-E0BB29527914}.Debug|Any CPU.Build.0 = Debug|Any CPU
		{48C91551-95A9-4310-8278-E0BB29527914}.Release|Any CPU.ActiveCfg = Release|Any CPU
		{48C91551-95A9-4310-8278-E0BB29527914}.Release|Any CPU.Build.0 = Release|Any CPU
		{3E7E2E4B-0502-423D-8935-8CE16DE369F2}.Debug|Any CPU.ActiveCfg = Debug|Any CPU
		{3E7E2E4B-0502-423D-8935-8CE16DE369F2}.Debug|Any CPU.Build.0 = Debug|Any CPU
		{3E7E2E4B-0502-423D-8935-8CE16DE369F2}.Release|Any CPU.ActiveCfg = Release|Any CPU
		{3E7E2E4B-0502-423D-8935-8CE16DE369F2}.Release|Any CPU.Build.0 = Release|Any CPU
		{9157D6CE-185D-4C63-80D1-6A1EF93FD019}.Debug|Any CPU.ActiveCfg = Debug|Any CPU
		{9157D6CE-185D-4C63-80D1-6A1EF93FD019}.Debug|Any CPU.Build.0 = Debug|Any CPU
		{9157D6CE-185D-4C63-80D1-6A1EF93FD019}.Release|Any CPU.ActiveCfg = Release|Any CPU
		{9157D6CE-185D-4C63-80D1-6A1EF93FD019}.Release|Any CPU.Build.0 = Release|Any CPU
		{AEA8F5F5-6433-4913-811F-17239788C173}.Debug|Any CPU.ActiveCfg = Debug|Any CPU
		{AEA8F5F5-6433-4913-811F-17239788C173}.Debug|Any CPU.Build.0 = Debug|Any CPU
		{AEA8F5F5-6433-4913-811F-17239788C173}.Release|Any CPU.ActiveCfg = Release|Any CPU
		{AEA8F5F5-6433-4913-811F-17239788C173}.Release|Any CPU.Build.0 = Release|Any CPU
		{C4CF2254-68CD-4EF1-B8EC-22FAAC46EA4A}.Debug|Any CPU.ActiveCfg = Debug|Any CPU
		{C4CF2254-68CD-4EF1-B8EC-22FAAC46EA4A}.Debug|Any CPU.Build.0 = Debug|Any CPU
		{C4CF2254-68CD-4EF1-B8EC-22FAAC46EA4A}.Release|Any CPU.ActiveCfg = Release|Any CPU
		{C4CF2254-68CD-4EF1-B8EC-22FAAC46EA4A}.Release|Any CPU.Build.0 = Release|Any CPU
		{F5F7CDCA-D20C-48C7-B9F6-D76F251DF35E}.Debug|Any CPU.ActiveCfg = Debug|Any CPU
		{F5F7CDCA-D20C-48C7-B9F6-D76F251DF35E}.Debug|Any CPU.Build.0 = Debug|Any CPU
		{F5F7CDCA-D20C-48C7-B9F6-D76F251DF35E}.Release|Any CPU.ActiveCfg = Release|Any CPU
		{F5F7CDCA-D20C-48C7-B9F6-D76F251DF35E}.Release|Any CPU.Build.0 = Release|Any CPU
		{FDC53F90-DFBB-4218-8780-A7B8F1BF3AC5}.Debug|Any CPU.ActiveCfg = Debug|Any CPU
		{FDC53F90-DFBB-4218-8780-A7B8F1BF3AC5}.Debug|Any CPU.Build.0 = Debug|Any CPU
		{FDC53F90-DFBB-4218-8780-A7B8F1BF3AC5}.Release|Any CPU.ActiveCfg = Release|Any CPU
		{FDC53F90-DFBB-4218-8780-A7B8F1BF3AC5}.Release|Any CPU.Build.0 = Release|Any CPU
		{14FAC87B-6E68-484F-8A4D-D0F60252D549}.Debug|Any CPU.ActiveCfg = Debug|Any CPU
		{14FAC87B-6E68-484F-8A4D-D0F60252D549}.Debug|Any CPU.Build.0 = Debug|Any CPU
		{14FAC87B-6E68-484F-8A4D-D0F60252D549}.Release|Any CPU.ActiveCfg = Release|Any CPU
		{14FAC87B-6E68-484F-8A4D-D0F60252D549}.Release|Any CPU.Build.0 = Release|Any CPU
		{E628B0F6-D0B4-461C-AC9F-0822111D85FD}.Debug|Any CPU.ActiveCfg = Debug|Any CPU
		{E628B0F6-D0B4-461C-AC9F-0822111D85FD}.Debug|Any CPU.Build.0 = Debug|Any CPU
		{E628B0F6-D0B4-461C-AC9F-0822111D85FD}.Release|Any CPU.ActiveCfg = Release|Any CPU
		{E628B0F6-D0B4-461C-AC9F-0822111D85FD}.Release|Any CPU.Build.0 = Release|Any CPU
		{A60B468C-BB91-4B9C-925B-1121E6FFE687}.Debug|Any CPU.ActiveCfg = Debug|Any CPU
		{A60B468C-BB91-4B9C-925B-1121E6FFE687}.Debug|Any CPU.Build.0 = Debug|Any CPU
		{A60B468C-BB91-4B9C-925B-1121E6FFE687}.Release|Any CPU.ActiveCfg = Release|Any CPU
		{A60B468C-BB91-4B9C-925B-1121E6FFE687}.Release|Any CPU.Build.0 = Release|Any CPU
		{121C5A80-16DC-4A65-BCE9-7CEA0AB4295C}.Debug|Any CPU.ActiveCfg = Debug|Any CPU
		{121C5A80-16DC-4A65-BCE9-7CEA0AB4295C}.Debug|Any CPU.Build.0 = Debug|Any CPU
		{121C5A80-16DC-4A65-BCE9-7CEA0AB4295C}.Release|Any CPU.ActiveCfg = Release|Any CPU
		{121C5A80-16DC-4A65-BCE9-7CEA0AB4295C}.Release|Any CPU.Build.0 = Release|Any CPU
		{9C1BC6B2-220A-442A-B768-D737D3059616}.Debug|Any CPU.ActiveCfg = Debug|Any CPU
		{9C1BC6B2-220A-442A-B768-D737D3059616}.Debug|Any CPU.Build.0 = Debug|Any CPU
		{9C1BC6B2-220A-442A-B768-D737D3059616}.Release|Any CPU.ActiveCfg = Release|Any CPU
		{9C1BC6B2-220A-442A-B768-D737D3059616}.Release|Any CPU.Build.0 = Release|Any CPU
		{068777BF-14A0-48FE-8566-1E53202A565C}.Debug|Any CPU.ActiveCfg = Debug|Any CPU
		{068777BF-14A0-48FE-8566-1E53202A565C}.Debug|Any CPU.Build.0 = Debug|Any CPU
		{068777BF-14A0-48FE-8566-1E53202A565C}.Release|Any CPU.ActiveCfg = Release|Any CPU
		{068777BF-14A0-48FE-8566-1E53202A565C}.Release|Any CPU.Build.0 = Release|Any CPU
		{E5826158-202F-490A-B8F4-1CC8DEC13842}.Debug|Any CPU.ActiveCfg = Debug|Any CPU
		{E5826158-202F-490A-B8F4-1CC8DEC13842}.Debug|Any CPU.Build.0 = Debug|Any CPU
		{E5826158-202F-490A-B8F4-1CC8DEC13842}.Release|Any CPU.ActiveCfg = Release|Any CPU
		{E5826158-202F-490A-B8F4-1CC8DEC13842}.Release|Any CPU.Build.0 = Release|Any CPU
		{CCF4E9FB-EA64-47A5-88C4-A050475D1545}.Debug|Any CPU.ActiveCfg = Debug|Any CPU
		{CCF4E9FB-EA64-47A5-88C4-A050475D1545}.Debug|Any CPU.Build.0 = Debug|Any CPU
		{CCF4E9FB-EA64-47A5-88C4-A050475D1545}.Release|Any CPU.ActiveCfg = Release|Any CPU
		{CCF4E9FB-EA64-47A5-88C4-A050475D1545}.Release|Any CPU.Build.0 = Release|Any CPU
		{6276B81B-C3C5-4BD4-9100-A9AFCCF484D5}.Debug|Any CPU.ActiveCfg = Debug|Any CPU
		{6276B81B-C3C5-4BD4-9100-A9AFCCF484D5}.Debug|Any CPU.Build.0 = Debug|Any CPU
		{6276B81B-C3C5-4BD4-9100-A9AFCCF484D5}.Release|Any CPU.ActiveCfg = Release|Any CPU
		{6276B81B-C3C5-4BD4-9100-A9AFCCF484D5}.Release|Any CPU.Build.0 = Release|Any CPU
	EndGlobalSection
	GlobalSection(SolutionProperties) = preSolution
		HideSolutionNode = FALSE
	EndGlobalSection
EndGlobal
